
Microsoft Visual Studio Solution File, Format Version 12.00
# Visual Studio Version 18
VisualStudioVersion = 18.2.11415.280 d18.0
MinimumVisualStudioVersion = 10.0.40219.1
Project("{FAE04EC0-301F-11D3-BF4B-00C04F79EFBC}") = "CustomerManagementSystem", "CustomerManagementSystem.csproj", "{DCB84164-BF73-41BA-B7FA-9EC8924B5260}"
EndProject
Project("{FAE04EC0-301F-11D3-BF4B-00C04F79EFBC}") = "ResiliencyPatternPolly", "..\ResiliencyPatternPolly\ResiliencyPatternPolly.csproj", "{5190C82E-1A25-4C72-A2C4-CFE4F1D17A6D}"
EndProject
Project("{FAE04EC0-301F-11D3-BF4B-00C04F79EFBC}") = "InventoryMS", "..\InventoryMS\InventoryMS.csproj", "{CE0A0900-40B9-4FE9-9CFD-616FBB2738C1}"
EndProject
Project("{FAE04EC0-301F-11D3-BF4B-00C04F79EFBC}") = "ApiGatewayOcelotMS", "..\ApiGatewayOcelotMS\ApiGatewayOcelotMS.csproj", "{DC37500E-55C2-4F4D-9E64-9EA8CE8F565D}"
EndProject
Project("{FAE04EC0-301F-11D3-BF4B-00C04F79EFBC}") = "RabbitMQApp", "..\RabbitMQApp\RabbitMQApp.csproj", "{C0A2D4EF-416E-46F4-B48B-E2FC277F2AF8}"
EndProject
Global
	GlobalSection(SolutionConfigurationPlatforms) = preSolution
		Debug|Any CPU = Debug|Any CPU
		Release|Any CPU = Release|Any CPU
	EndGlobalSection
	GlobalSection(ProjectConfigurationPlatforms) = postSolution
		{DCB84164-BF73-41BA-B7FA-9EC8924B5260}.Debug|Any CPU.ActiveCfg = Debug|Any CPU
		{DCB84164-BF73-41BA-B7FA-9EC8924B5260}.Debug|Any CPU.Build.0 = Debug|Any CPU
		{DCB84164-BF73-41BA-B7FA-9EC8924B5260}.Release|Any CPU.ActiveCfg = Release|Any CPU
		{DCB84164-BF73-41BA-B7FA-9EC8924B5260}.Release|Any CPU.Build.0 = Release|Any CPU
		{5190C82E-1A25-4C72-A2C4-CFE4F1D17A6D}.Debug|Any CPU.ActiveCfg = Debug|Any CPU
		{5190C82E-1A25-4C72-A2C4-CFE4F1D17A6D}.Debug|Any CPU.Build.0 = Debug|Any CPU
		{5190C82E-1A25-4C72-A2C4-CFE4F1D17A6D}.Release|Any CPU.ActiveCfg = Release|Any CPU
		{5190C82E-1A25-4C72-A2C4-CFE4F1D17A6D}.Release|Any CPU.Build.0 = Release|Any CPU
		{CE0A0900-40B9-4FE9-9CFD-616FBB2738C1}.Debug|Any CPU.ActiveCfg = Debug|Any CPU
		{CE0A0900-40B9-4FE9-9CFD-616FBB2738C1}.Debug|Any CPU.Build.0 = Debug|Any CPU
		{CE0A0900-40B9-4FE9-9CFD-616FBB2738C1}.Release|Any CPU.ActiveCfg = Release|Any CPU
		{CE0A0900-40B9-4FE9-9CFD-616FBB2738C1}.Release|Any CPU.Build.0 = Release|Any CPU
		{DC37500E-55C2-4F4D-9E64-9EA8CE8F565D}.Debug|Any CPU.ActiveCfg = Debug|Any CPU
		{DC37500E-55C2-4F4D-9E64-9EA8CE8F565D}.Debug|Any CPU.Build.0 = Debug|Any CPU
		{DC37500E-55C2-4F4D-9E64-9EA8CE8F565D}.Release|Any CPU.ActiveCfg = Release|Any CPU
		{DC37500E-55C2-4F4D-9E64-9EA8CE8F565D}.Release|Any CPU.Build.0 = Release|Any CPU
		{C0A2D4EF-416E-46F4-B48B-E2FC277F2AF8}.Debug|Any CPU.ActiveCfg = Debug|Any CPU
		{C0A2D4EF-416E-46F4-B48B-E2FC277F2AF8}.Debug|Any CPU.Build.0 = Debug|Any CPU
		{C0A2D4EF-416E-46F4-B48B-E2FC277F2AF8}.Release|Any CPU.ActiveCfg = Release|Any CPU
		{C0A2D4EF-416E-46F4-B48B-E2FC277F2AF8}.Release|Any CPU.Build.0 = Release|Any CPU
	EndGlobalSection
	GlobalSection(SolutionProperties) = preSolution
		HideSolutionNode = FALSE
	EndGlobalSection
	GlobalSection(ExtensibilityGlobals) = postSolution
		SolutionGuid = {36F27E66-BEF3-4115-960B-016C3E9FE357}
	EndGlobalSection
EndGlobal
